
Microsoft Visual Studio Solution File, Format Version 12.00
# Visual Studio Version 16
VisualStudioVersion = 16.0.31205.134
MinimumVisualStudioVersion = 10.0.40219.1
Project("{9A19103F-16F7-4668-BE54-9A1E7A4F7556}") = "Diploma_Project.Web-app", "Diploma_Project.Web-app\Diploma_Project.Web-app.csproj", "{F593EF2E-E8BE-45C3-9EB1-58AA9422A006}"
EndProject
Project("{9A19103F-16F7-4668-BE54-9A1E7A4F7556}") = "Diploma_Project.Desktop-app", "Diploma_Project.Desktop-app\Diploma_Project.Desktop-app.csproj", "{27B0BCE4-F80E-48A2-AB71-B59FEC9CA32D}"
EndProject
Project("{9A19103F-16F7-4668-BE54-9A1E7A4F7556}") = "Diploma_Project.Entity-lib", "Diploma_Project.Entity-lib\Diploma_Project.Entity-lib.csproj", "{9724F3F1-5C16-4067-80F2-B25410FD2370}"
EndProject
Project("{9A19103F-16F7-4668-BE54-9A1E7A4F7556}") = "Diploma_Project.Tests", "Diploma_Project.Tests\Diploma_Project.Tests.csproj", "{0F7FFA0C-F123-498F-849A-DADB79A65792}"
EndProject
Global
	GlobalSection(SolutionConfigurationPlatforms) = preSolution
		Debug|Any CPU = Debug|Any CPU
		Release|Any CPU = Release|Any CPU
	EndGlobalSection
	GlobalSection(ProjectConfigurationPlatforms) = postSolution
		{F593EF2E-E8BE-45C3-9EB1-58AA9422A006}.Debug|Any CPU.ActiveCfg = Debug|Any CPU
		{F593EF2E-E8BE-45C3-9EB1-58AA9422A006}.Debug|Any CPU.Build.0 = Debug|Any CPU
		{F593EF2E-E8BE-45C3-9EB1-58AA9422A006}.Release|Any CPU.ActiveCfg = Release|Any CPU
		{F593EF2E-E8BE-45C3-9EB1-58AA9422A006}.Release|Any CPU.Build.0 = Release|Any CPU
		{27B0BCE4-F80E-48A2-AB71-B59FEC9CA32D}.Debug|Any CPU.ActiveCfg = Debug|Any CPU
		{27B0BCE4-F80E-48A2-AB71-B59FEC9CA32D}.Debug|Any CPU.Build.0 = Debug|Any CPU
		{27B0BCE4-F80E-48A2-AB71-B59FEC9CA32D}.Release|Any CPU.ActiveCfg = Release|Any CPU
		{27B0BCE4-F80E-48A2-AB71-B59FEC9CA32D}.Release|Any CPU.Build.0 = Release|Any CPU
		{9724F3F1-5C16-4067-80F2-B25410FD2370}.Debug|Any CPU.ActiveCfg = Debug|Any CPU
		{9724F3F1-5C16-4067-80F2-B25410FD2370}.Debug|Any CPU.Build.0 = Debug|Any CPU
		{9724F3F1-5C16-4067-80F2-B25410FD2370}.Release|Any CPU.ActiveCfg = Release|Any CPU
		{9724F3F1-5C16-4067-80F2-B25410FD2370}.Release|Any CPU.Build.0 = Release|Any CPU
		{0F7FFA0C-F123-498F-849A-DADB79A65792}.Debug|Any CPU.ActiveCfg = Debug|Any CPU
		{0F7FFA0C-F123-498F-849A-DADB79A65792}.Debug|Any CPU.Build.0 = Debug|Any CPU
		{0F7FFA0C-F123-498F-849A-DADB79A65792}.Release|Any CPU.ActiveCfg = Release|Any CPU
		{0F7FFA0C-F123-498F-849A-DADB79A65792}.Release|Any CPU.Build.0 = Release|Any CPU
	EndGlobalSection
	GlobalSection(SolutionProperties) = preSolution
		HideSolutionNode = FALSE
	EndGlobalSection
	GlobalSection(ExtensibilityGlobals) = postSolution
		SolutionGuid = {CCEB78A9-D2A3-4166-B2EB-2AD28EFB6627}
	EndGlobalSection
EndGlobal
